
Microsoft Visual Studio Solution File, Format Version 12.00
# Visual Studio Version 17
VisualStudioVersion = 17.11.35208.52
MinimumVisualStudioVersion = 10.0.40219.1
Project("{9A19103F-16F7-4668-BE54-9A1E7A4F7556}") = "AiHackApi", "AiHackApi\AiHackApi.csproj", "{F57B51C2-A4C7-4517-B1BC-F7173567C709}"
EndProject
Project("{FAE04EC0-301F-11D3-BF4B-00C04F79EFBC}") = "AiHackApi.Tests", "AiHackApi.Tests\AiHackApi.Tests.csproj", "{9F069525-DC0C-4964-BC83-8DD315AA1689}"
EndProject
Global
	GlobalSection(SolutionConfigurationPlatforms) = preSolution
		Debug|Any CPU = Debug|Any CPU
		Release|Any CPU = Release|Any CPU
	EndGlobalSection
	GlobalSection(ProjectConfigurationPlatforms) = postSolution
		{F57B51C2-A4C7-4517-B1BC-F7173567C709}.Debug|Any CPU.ActiveCfg = Debug|Any CPU
		{F57B51C2-A4C7-4517-B1BC-F7173567C709}.Debug|Any CPU.Build.0 = Debug|Any CPU
		{F57B51C2-A4C7-4517-B1BC-F7173567C709}.Release|Any CPU.ActiveCfg = Release|Any CPU
		{F57B51C2-A4C7-4517-B1BC-F7173567C709}.Release|Any CPU.Build.0 = Release|Any CPU
		{9F069525-DC0C-4964-BC83-8DD315AA1689}.Debug|Any CPU.ActiveCfg = Debug|Any CPU
		{9F069525-DC0C-4964-BC83-8DD315AA1689}.Debug|Any CPU.Build.0 = Debug|Any CPU
		{9F069525-DC0C-4964-BC83-8DD315AA1689}.Release|Any CPU.ActiveCfg = Release|Any CPU
		{9F069525-DC0C-4964-BC83-8DD315AA1689}.Release|Any CPU.Build.0 = Release|Any CPU
	EndGlobalSection
	GlobalSection(SolutionProperties) = preSolution
		HideSolutionNode = FALSE
	EndGlobalSection
	GlobalSection(ExtensibilityGlobals) = postSolution
		SolutionGuid = {05A758CF-2B7A-443C-BB4D-8DA2BB3A82D8}
	EndGlobalSection
EndGlobal
